// !$*UTF8*$!
{
	archiveVersion = 1;
	classes = {
	};
	objectVersion = 77;
	objects = {

/* Begin PBXBuildFile section */
		CBEA6C162E33119B00729B6D /* SimplifiedToTraditional Extension.appex in Embed Foundation Extensions */ = {isa = PBXBuildFile; fileRef = CBEA6BFE2E33119A00729B6D /* SimplifiedToTraditional Extension.appex */; settings = {ATTRIBUTES = (RemoveHeadersOnCopy, ); }; };
/* End PBXBuildFile section */

/* Begin PBXContainerItemProxy section */
		CBEA6BDE2E33111600729B6D /* PBXContainerItemProxy */ = {
			isa = PBXContainerItemProxy;
			containerPortal = CBEA6BC82E33111400729B6D /* Project object */;
			proxyType = 1;
			remoteGlobalIDString = CBEA6BCF2E33111400729B6D;
			remoteInfo = SimplifiedToTraditional;
		};
		CBEA6BE82E33111600729B6D /* PBXContainerItemProxy */ = {
			isa = PBXContainerItemProxy;
			containerPortal = CBEA6BC82E33111400729B6D /* Project object */;
			proxyType = 1;
			remoteGlobalIDString = CBEA6BCF2E33111400729B6D;
			remoteInfo = SimplifiedToTraditional;
		};
		CBEA6C142E33119B00729B6D /* PBXContainerItemProxy */ = {
			isa = PBXContainerItemProxy;
			containerPortal = CBEA6BC82E33111400729B6D /* Project object */;
			proxyType = 1;
			remoteGlobalIDString = CBEA6BFD2E33119A00729B6D;
			remoteInfo = "SimplifiedToTraditional Extension";
		};
/* End PBXContainerItemProxy section */

/* Begin PBXCopyFilesBuildPhase section */
		CBEA6C1B2E33119B00729B6D /* Embed Foundation Extensions */ = {
			isa = PBXCopyFilesBuildPhase;
			buildActionMask = 2147483647;
			dstPath = "";
			dstSubfolderSpec = 13;
			files = (
				CBEA6C162E33119B00729B6D /* SimplifiedToTraditional Extension.appex in Embed Foundation Extensions */,
			);
			name = "Embed Foundation Extensions";
			runOnlyForDeploymentPostprocessing = 0;
		};
/* End PBXCopyFilesBuildPhase section */

/* Begin PBXFileReference section */
		CBEA6BD02E33111400729B6D /* SimplifiedToTraditional.app */ = {isa = PBXFileReference; explicitFileType = wrapper.application; includeInIndex = 0; path = SimplifiedToTraditional.app; sourceTree = BUILT_PRODUCTS_DIR; };
		CBEA6BDD2E33111600729B6D /* SimplifiedToTraditionalTests.xctest */ = {isa = PBXFileReference; explicitFileType = wrapper.cfbundle; includeInIndex = 0; path = SimplifiedToTraditionalTests.xctest; sourceTree = BUILT_PRODUCTS_DIR; };
		CBEA6BE72E33111600729B6D /* SimplifiedToTraditionalUITests.xctest */ = {isa = PBXFileReference; explicitFileType = wrapper.cfbundle; includeInIndex = 0; path = SimplifiedToTraditionalUITests.xctest; sourceTree = BUILT_PRODUCTS_DIR; };
		CBEA6BFE2E33119A00729B6D /* SimplifiedToTraditional Extension.appex */ = {isa = PBXFileReference; explicitFileType = "wrapper.app-extension"; includeInIndex = 0; path = "SimplifiedToTraditional Extension.appex"; sourceTree = BUILT_PRODUCTS_DIR; };
/* End PBXFileReference section */

/* Begin PBXFileSystemSynchronizedBuildFileExceptionSet section */
		CBEA6C172E33119B00729B6D /* Exceptions for "SimplifiedToTraditional Extension" folder in "SimplifiedToTraditional Extension" target */ = {
			isa = PBXFileSystemSynchronizedBuildFileExceptionSet;
			membershipExceptions = (
				Info.plist,
			);
			target = CBEA6BFD2E33119A00729B6D /* SimplifiedToTraditional Extension */;
		};
/* End PBXFileSystemSynchronizedBuildFileExceptionSet section */

/* Begin PBXFileSystemSynchronizedRootGroup section */
		CBEA6BD22E33111400729B6D /* SimplifiedToTraditional */ = {
			isa = PBXFileSystemSynchronizedRootGroup;
			path = SimplifiedToTraditional;
			sourceTree = "<group>";
		};
		CBEA6BE02E33111600729B6D /* SimplifiedToTraditionalTests */ = {
			isa = PBXFileSystemSynchronizedRootGroup;
			path = SimplifiedToTraditionalTests;
			sourceTree = "<group>";
		};
		CBEA6BEA2E33111600729B6D /* SimplifiedToTraditionalUITests */ = {
			isa = PBXFileSystemSynchronizedRootGroup;
			path = SimplifiedToTraditionalUITests;
			sourceTree = "<group>";
		};
		CBEA6BFF2E33119B00729B6D /* SimplifiedToTraditional Extension */ = {
			isa = PBXFileSystemSynchronizedRootGroup;
			exceptions = (
				CBEA6C172E33119B00729B6D /* Exceptions for "SimplifiedToTraditional Extension" folder in "SimplifiedToTraditional Extension" target */,
			);
			explicitFolders = (
				Resources/_locales,
				Resources/images,
			);
			path = "SimplifiedToTraditional Extension";
			sourceTree = "<group>";
		};
/* End PBXFileSystemSynchronizedRootGroup section */

/* Begin PBXFrameworksBuildPhase section */
		CBEA6BCD2E33111400729B6D /* Frameworks */ = {
			isa = PBXFrameworksBuildPhase;
			buildActionMask = 2147483647;
			files = (
			);
			runOnlyForDeploymentPostprocessing = 0;
		};
		CBEA6BDA2E33111600729B6D /* Frameworks */ = {
			isa = PBXFrameworksBuildPhase;
			buildActionMask = 2147483647;
			files = (
			);
			runOnlyForDeploymentPostprocessing = 0;
		};
		CBEA6BE42E33111600729B6D /* Frameworks */ = {
			isa = PBXFrameworksBuildPhase;
			buildActionMask = 2147483647;
			files = (
			);
			runOnlyForDeploymentPostprocessing = 0;
		};
		CBEA6BFB2E33119A00729B6D /* Frameworks */ = {
			isa = PBXFrameworksBuildPhase;
			buildActionMask = 2147483647;
			files = (
			);
			runOnlyForDeploymentPostprocessing = 0;
		};
/* End PBXFrameworksBuildPhase section */

/* Begin PBXGroup section */
		CBEA6BC72E33111400729B6D = {
			isa = PBXGroup;
			children = (
				CBEA6BD22E33111400729B6D /* SimplifiedToTraditional */,
				CBEA6BE02E33111600729B6D /* SimplifiedToTraditionalTests */,
				CBEA6BEA2E33111600729B6D /* SimplifiedToTraditionalUITests */,
				CBEA6BFF2E33119B00729B6D /* SimplifiedToTraditional Extension */,
				CBEA6BD12E33111400729B6D /* Products */,
			);
			sourceTree = "<group>";
		};
		CBEA6BD12E33111400729B6D /* Products */ = {
			isa = PBXGroup;
			children = (
				CBEA6BD02E33111400729B6D /* SimplifiedToTraditional.app */,
				CBEA6BDD2E33111600729B6D /* SimplifiedToTraditionalTests.xctest */,
				CBEA6BE72E33111600729B6D /* SimplifiedToTraditionalUITests.xctest */,
				CBEA6BFE2E33119A00729B6D /* SimplifiedToTraditional Extension.appex */,
			);
			name = Products;
			sourceTree = "<group>";
		};
/* End PBXGroup section */

/* Begin PBXNativeTarget section */
		CBEA6BCF2E33111400729B6D /* SimplifiedToTraditional */ = {
			isa = PBXNativeTarget;
			buildConfigurationList = CBEA6BF12E33111600729B6D /* Build configuration list for PBXNativeTarget "SimplifiedToTraditional" */;
			buildPhases = (
				CBEA6BCC2E33111400729B6D /* Sources */,
				CBEA6BCD2E33111400729B6D /* Frameworks */,
				CBEA6BCE2E33111400729B6D /* Resources */,
				CBEA6C1B2E33119B00729B6D /* Embed Foundation Extensions */,
			);
			buildRules = (
			);
			dependencies = (
				CBEA6C152E33119B00729B6D /* PBXTargetDependency */,
			);
			fileSystemSynchronizedGroups = (
				CBEA6BD22E33111400729B6D /* SimplifiedToTraditional */,
			);
			name = SimplifiedToTraditional;
			packageProductDependencies = (
			);
			productName = SimplifiedToTraditional;
			productReference = CBEA6BD02E33111400729B6D /* SimplifiedToTraditional.app */;
			productType = "com.apple.product-type.application";
		};
		CBEA6BDC2E33111600729B6D /* SimplifiedToTraditionalTests */ = {
			isa = PBXNativeTarget;
			buildConfigurationList = CBEA6BF42E33111600729B6D /* Build configuration list for PBXNativeTarget "SimplifiedToTraditionalTests" */;
			buildPhases = (
				CBEA6BD92E33111600729B6D /* Sources */,
				CBEA6BDA2E33111600729B6D /* Frameworks */,
				CBEA6BDB2E33111600729B6D /* Resources */,
			);
			buildRules = (
			);
			dependencies = (
				CBEA6BDF2E33111600729B6D /* PBXTargetDependency */,
			);
			fileSystemSynchronizedGroups = (
				CBEA6BE02E33111600729B6D /* SimplifiedToTraditionalTests */,
			);
			name = SimplifiedToTraditionalTests;
			packageProductDependencies = (
			);
			productName = SimplifiedToTraditionalTests;
			productReference = CBEA6BDD2E33111600729B6D /* SimplifiedToTraditionalTests.xctest */;
			productType = "com.apple.product-type.bundle.unit-test";
		};
		CBEA6BE62E33111600729B6D /* SimplifiedToTraditionalUITests */ = {
			isa = PBXNativeTarget;
			buildConfigurationList = CBEA6BF72E33111600729B6D /* Build configuration list for PBXNativeTarget "SimplifiedToTraditionalUITests" */;
			buildPhases = (
				CBEA6BE32E33111600729B6D /* Sources */,
				CBEA6BE42E33111600729B6D /* Frameworks */,
				CBEA6BE52E33111600729B6D /* Resources */,
			);
			buildRules = (
			);
			dependencies = (
				CBEA6BE92E33111600729B6D /* PBXTargetDependency */,
			);
			fileSystemSynchronizedGroups = (
				CBEA6BEA2E33111600729B6D /* SimplifiedToTraditionalUITests */,
			);
			name = SimplifiedToTraditionalUITests;
			packageProductDependencies = (
			);
			productName = SimplifiedToTraditionalUITests;
			productReference = CBEA6BE72E33111600729B6D /* SimplifiedToTraditionalUITests.xctest */;
			productType = "com.apple.product-type.bundle.ui-testing";
		};
		CBEA6BFD2E33119A00729B6D /* SimplifiedToTraditional Extension */ = {
			isa = PBXNativeTarget;
			buildConfigurationList = CBEA6C182E33119B00729B6D /* Build configuration list for PBXNativeTarget "SimplifiedToTraditional Extension" */;
			buildPhases = (
				CBEA6BFA2E33119A00729B6D /* Sources */,
				CBEA6BFB2E33119A00729B6D /* Frameworks */,
				CBEA6BFC2E33119A00729B6D /* Resources */,
			);
			buildRules = (
			);
			dependencies = (
			);
			fileSystemSynchronizedGroups = (
				CBEA6BFF2E33119B00729B6D /* SimplifiedToTraditional Extension */,
			);
			name = "SimplifiedToTraditional Extension";
			packageProductDependencies = (
			);
			productName = "SimplifiedToTraditional Extension";
			productReference = CBEA6BFE2E33119A00729B6D /* SimplifiedToTraditional Extension.appex */;
			productType = "com.apple.product-type.app-extension";
		};
/* End PBXNativeTarget section */

/* Begin PBXProject section */
		CBEA6BC82E33111400729B6D /* Project object */ = {
			isa = PBXProject;
			attributes = {
				BuildIndependentTargetsInParallel = 1;
				LastSwiftUpdateCheck = 2600;
				LastUpgradeCheck = 2600;
				TargetAttributes = {
					CBEA6BCF2E33111400729B6D = {
						CreatedOnToolsVersion = 26.0;
					};
					CBEA6BDC2E33111600729B6D = {
						CreatedOnToolsVersion = 26.0;
						TestTargetID = CBEA6BCF2E33111400729B6D;
					};
					CBEA6BE62E33111600729B6D = {
						CreatedOnToolsVersion = 26.0;
						TestTargetID = CBEA6BCF2E33111400729B6D;
					};
					CBEA6BFD2E33119A00729B6D = {
						CreatedOnToolsVersion = 26.0;
					};
				};
			};
			buildConfigurationList = CBEA6BCB2E33111400729B6D /* Build configuration list for PBXProject "SimplifiedToTraditional" */;
			developmentRegion = en;
			hasScannedForEncodings = 0;
			knownRegions = (
				en,
				Base,
			);
			mainGroup = CBEA6BC72E33111400729B6D;
			minimizedProjectReferenceProxies = 1;
			preferredProjectObjectVersion = 77;
			productRefGroup = CBEA6BD12E33111400729B6D /* Products */;
			projectDirPath = "";
			projectRoot = "";
			targets = (
				CBEA6BCF2E33111400729B6D /* SimplifiedToTraditional */,
				CBEA6BDC2E33111600729B6D /* SimplifiedToTraditionalTests */,
				CBEA6BE62E33111600729B6D /* SimplifiedToTraditionalUITests */,
				CBEA6BFD2E33119A00729B6D /* SimplifiedToTraditional Extension */,
			);
		};
/* End PBXProject section */

/* Begin PBXResourcesBuildPhase section */
		CBEA6BCE2E33111400729B6D /* Resources */ = {
			isa = PBXResourcesBuildPhase;
			buildActionMask = 2147483647;
			files = (
			);
			runOnlyForDeploymentPostprocessing = 0;
		};
		CBEA6BDB2E33111600729B6D /* Resources */ = {
			isa = PBXResourcesBuildPhase;
			buildActionMask = 2147483647;
			files = (
			);
			runOnlyForDeploymentPostprocessing = 0;
		};
		CBEA6BE52E33111600729B6D /* Resources */ = {
			isa = PBXResourcesBuildPhase;
			buildActionMask = 2147483647;
			files = (
			);
			runOnlyForDeploymentPostprocessing = 0;
		};
		CBEA6BFC2E33119A00729B6D /* Resources */ = {
			isa = PBXResourcesBuildPhase;
			buildActionMask = 2147483647;
			files = (
			);
			runOnlyForDeploymentPostprocessing = 0;
		};
/* End PBXResourcesBuildPhase section */

/* Begin PBXSourcesBuildPhase section */
		CBEA6BCC2E33111400729B6D /* Sources */ = {
			isa = PBXSourcesBuildPhase;
			buildActionMask = 2147483647;
			files = (
			);
			runOnlyForDeploymentPostprocessing = 0;
		};
		CBEA6BD92E33111600729B6D /* Sources */ = {
			isa = PBXSourcesBuildPhase;
			buildActionMask = 2147483647;
			files = (
			);
			runOnlyForDeploymentPostprocessing = 0;
		};
		CBEA6BE32E33111600729B6D /* Sources */ = {
			isa = PBXSourcesBuildPhase;
			buildActionMask = 2147483647;
			files = (
			);
			runOnlyForDeploymentPostprocessing = 0;
		};
		CBEA6BFA2E33119A00729B6D /* Sources */ = {
			isa = PBXSourcesBuildPhase;
			buildActionMask = 2147483647;
			files = (
			);
			runOnlyForDeploymentPostprocessing = 0;
		};
/* End PBXSourcesBuildPhase section */

/* Begin PBXTargetDependency section */
		CBEA6BDF2E33111600729B6D /* PBXTargetDependency */ = {
			isa = PBXTargetDependency;
			target = CBEA6BCF2E33111400729B6D /* SimplifiedToTraditional */;
			targetProxy = CBEA6BDE2E33111600729B6D /* PBXContainerItemProxy */;
		};
		CBEA6BE92E33111600729B6D /* PBXTargetDependency */ = {
			isa = PBXTargetDependency;
			target = CBEA6BCF2E33111400729B6D /* SimplifiedToTraditional */;
			targetProxy = CBEA6BE82E33111600729B6D /* PBXContainerItemProxy */;
		};
		CBEA6C152E33119B00729B6D /* PBXTargetDependency */ = {
			isa = PBXTargetDependency;
			target = CBEA6BFD2E33119A00729B6D /* SimplifiedToTraditional Extension */;
			targetProxy = CBEA6C142E33119B00729B6D /* PBXContainerItemProxy */;
		};
/* End PBXTargetDependency section */

/* Begin XCBuildConfiguration section */
		CBEA6BEF2E33111600729B6D /* Debug */ = {
			isa = XCBuildConfiguration;
			buildSettings = {
				ALWAYS_SEARCH_USER_PATHS = NO;
				ASSETCATALOG_COMPILER_GENERATE_SWIFT_ASSET_SYMBOL_EXTENSIONS = YES;
				CLANG_ANALYZER_NONNULL = YES;
				CLANG_ANALYZER_NUMBER_OBJECT_CONVERSION = YES_AGGRESSIVE;
				CLANG_CXX_LANGUAGE_STANDARD = "gnu++20";
				CLANG_ENABLE_MODULES = YES;
				CLANG_ENABLE_OBJC_ARC = YES;
				CLANG_ENABLE_OBJC_WEAK = YES;
				CLANG_WARN_BLOCK_CAPTURE_AUTORELEASING = YES;
				CLANG_WARN_BOOL_CONVERSION = YES;
				CLANG_WARN_COMMA = YES;
				CLANG_WARN_CONSTANT_CONVERSION = YES;
				CLANG_WARN_DEPRECATED_OBJC_IMPLEMENTATIONS = YES;
				CLANG_WARN_DIRECT_OBJC_ISA_USAGE = YES_ERROR;
				CLANG_WARN_DOCUMENTATION_COMMENTS = YES;
				CLANG_WARN_EMPTY_BODY = YES;
				CLANG_WARN_ENUM_CONVERSION = YES;
				CLANG_WARN_INFINITE_RECURSION = YES;
				CLANG_WARN_INT_CONVERSION = YES;
				CLANG_WARN_NON_LITERAL_NULL_CONVERSION = YES;
				CLANG_WARN_OBJC_IMPLICIT_RETAIN_SELF = YES;
				CLANG_WARN_OBJC_LITERAL_CONVERSION = YES;
				CLANG_WARN_OBJC_ROOT_CLASS = YES_ERROR;
				CLANG_WARN_QUOTED_INCLUDE_IN_FRAMEWORK_HEADER = YES;
				CLANG_WARN_RANGE_LOOP_ANALYSIS = YES;
				CLANG_WARN_STRICT_PROTOTYPES = YES;
				CLANG_WARN_SUSPICIOUS_MOVE = YES;
				CLANG_WARN_UNGUARDED_AVAILABILITY = YES_AGGRESSIVE;
				CLANG_WARN_UNREACHABLE_CODE = YES;
				CLANG_WARN__DUPLICATE_METHOD_MATCH = YES;
				COPY_PHASE_STRIP = NO;
				DEBUG_INFORMATION_FORMAT = dwarf;
				DEVELOPMENT_TEAM = 8S5G23Y9SJ;
				ENABLE_STRICT_OBJC_MSGSEND = YES;
				ENABLE_TESTABILITY = YES;
				ENABLE_USER_SCRIPT_SANDBOXING = YES;
				GCC_C_LANGUAGE_STANDARD = gnu17;
				GCC_DYNAMIC_NO_PIC = NO;
				GCC_NO_COMMON_BLOCKS = YES;
				GCC_OPTIMIZATION_LEVEL = 0;
				GCC_PREPROCESSOR_DEFINITIONS = (
					"DEBUG=1",
					"$(inherited)",
				);
				GCC_WARN_64_TO_32_BIT_CONVERSION = YES;
				GCC_WARN_ABOUT_RETURN_TYPE = YES_ERROR;
				GCC_WARN_UNDECLARED_SELECTOR = YES;
				GCC_WARN_UNINITIALIZED_AUTOS = YES_AGGRESSIVE;
				GCC_WARN_UNUSED_FUNCTION = YES;
				GCC_WARN_UNUSED_VARIABLE = YES;
				IPHONEOS_DEPLOYMENT_TARGET = 26.0;
				LOCALIZATION_PREFERS_STRING_CATALOGS = YES;
				MTL_ENABLE_DEBUG_INFO = INCLUDE_SOURCE;
				MTL_FAST_MATH = YES;
				ONLY_ACTIVE_ARCH = YES;
				SDKROOT = iphoneos;
				SWIFT_ACTIVE_COMPILATION_CONDITIONS = "DEBUG $(inherited)";
				SWIFT_OPTIMIZATION_LEVEL = "-Onone";
			};
			name = Debug;
		};
		CBEA6BF02E33111600729B6D /* Release */ = {
			isa = XCBuildConfiguration;
			buildSettings = {
				ALWAYS_SEARCH_USER_PATHS = NO;
				ASSETCATALOG_COMPILER_GENERATE_SWIFT_ASSET_SYMBOL_EXTENSIONS = YES;
				CLANG_ANALYZER_NONNULL = YES;
				CLANG_ANALYZER_NUMBER_OBJECT_CONVERSION = YES_AGGRESSIVE;
				CLANG_CXX_LANGUAGE_STANDARD = "gnu++20";
				CLANG_ENABLE_MODULES = YES;
				CLANG_ENABLE_OBJC_ARC = YES;
				CLANG_ENABLE_OBJC_WEAK = YES;
				CLANG_WARN_BLOCK_CAPTURE_AUTORELEASING = YES;
				CLANG_WARN_BOOL_CONVERSION = YES;
				CLANG_WARN_COMMA = YES;
				CLANG_WARN_CONSTANT_CONVERSION = YES;
				CLANG_WARN_DEPRECATED_OBJC_IMPLEMENTATIONS = YES;
				CLANG_WARN_DIRECT_OBJC_ISA_USAGE = YES_ERROR;
				CLANG_WARN_DOCUMENTATION_COMMENTS = YES;
				CLANG_WARN_EMPTY_BODY = YES;
				CLANG_WARN_ENUM_CONVERSION = YES;
				CLANG_WARN_INFINITE_RECURSION = YES;
				CLANG_WARN_INT_CONVERSION = YES;
				CLANG_WARN_NON_LITERAL_NULL_CONVERSION = YES;
				CLANG_WARN_OBJC_IMPLICIT_RETAIN_SELF = YES;
				CLANG_WARN_OBJC_LITERAL_CONVERSION = YES;
				CLANG_WARN_OBJC_ROOT_CLASS = YES_ERROR;
				CLANG_WARN_QUOTED_INCLUDE_IN_FRAMEWORK_HEADER = YES;
				CLANG_WARN_RANGE_LOOP_ANALYSIS = YES;
				CLANG_WARN_STRICT_PROTOTYPES = YES;
				CLANG_WARN_SUSPICIOUS_MOVE = YES;
				CLANG_WARN_UNGUARDED_AVAILABILITY = YES_AGGRESSIVE;
				CLANG_WARN_UNREACHABLE_CODE = YES;
				CLANG_WARN__DUPLICATE_METHOD_MATCH = YES;
				COPY_PHASE_STRIP = NO;
				DEBUG_INFORMATION_FORMAT = "dwarf-with-dsym";
				DEVELOPMENT_TEAM = 8S5G23Y9SJ;
				ENABLE_NS_ASSERTIONS = NO;
				ENABLE_STRICT_OBJC_MSGSEND = YES;
				ENABLE_USER_SCRIPT_SANDBOXING = YES;
				GCC_C_LANGUAGE_STANDARD = gnu17;
				GCC_NO_COMMON_BLOCKS = YES;
				GCC_WARN_64_TO_32_BIT_CONVERSION = YES;
				GCC_WARN_ABOUT_RETURN_TYPE = YES_ERROR;
				GCC_WARN_UNDECLARED_SELECTOR = YES;
				GCC_WARN_UNINITIALIZED_AUTOS = YES_AGGRESSIVE;
				GCC_WARN_UNUSED_FUNCTION = YES;
				GCC_WARN_UNUSED_VARIABLE = YES;
				IPHONEOS_DEPLOYMENT_TARGET = 26.0;
				LOCALIZATION_PREFERS_STRING_CATALOGS = YES;
				MTL_ENABLE_DEBUG_INFO = NO;
				MTL_FAST_MATH = YES;
				SDKROOT = iphoneos;
				SWIFT_COMPILATION_MODE = wholemodule;
				VALIDATE_PRODUCT = YES;
			};
			name = Release;
		};
		CBEA6BF22E33111600729B6D /* Debug */ = {
			isa = XCBuildConfiguration;
			buildSettings = {
				ASSETCATALOG_COMPILER_APPICON_NAME = AppIcon;
				ASSETCATALOG_COMPILER_GLOBAL_ACCENT_COLOR_NAME = AccentColor;
				CODE_SIGN_STYLE = Automatic;
				CURRENT_PROJECT_VERSION = 1;
				DEVELOPMENT_TEAM = 8S5G23Y9SJ;
				ENABLE_PREVIEWS = YES;
				GENERATE_INFOPLIST_FILE = YES;
				INFOPLIST_KEY_UIApplicationSceneManifest_Generation = YES;
				INFOPLIST_KEY_UIApplicationSupportsIndirectInputEvents = YES;
				INFOPLIST_KEY_UILaunchScreen_Generation = YES;
				INFOPLIST_KEY_UISupportedInterfaceOrientations_iPad = "UIInterfaceOrientationPortrait UIInterfaceOrientationPortraitUpsideDown UIInterfaceOrientationLandscapeLeft UIInterfaceOrientationLandscapeRight";
				INFOPLIST_KEY_UISupportedInterfaceOrientations_iPhone = "UIInterfaceOrientationPortrait UIInterfaceOrientationLandscapeLeft UIInterfaceOrientationLandscapeRight";
				IPHONEOS_DEPLOYMENT_TARGET = 15.6;
				LD_RUNPATH_SEARCH_PATHS = (
					"$(inherited)",
					"@executable_path/Frameworks",
				);
				MARKETING_VERSION = 1.0;
				PRODUCT_BUNDLE_IDENTIFIER = com.hananiah.SimplifiedToTraditional;
				PRODUCT_NAME = "$(TARGET_NAME)";
				STRING_CATALOG_GENERATE_SYMBOLS = YES;
				SWIFT_DEFAULT_ACTOR_ISOLATION = MainActor;
				SWIFT_EMIT_LOC_STRINGS = YES;
				SWIFT_UPCOMING_FEATURE_MEMBER_IMPORT_VISIBILITY = YES;
				SWIFT_VERSION = 5.0;
				TARGETED_DEVICE_FAMILY = "1,2";
			};
			name = Debug;
		};
		CBEA6BF32E33111600729B6D /* Release */ = {
			isa = XCBuildConfiguration;
			buildSettings = {
				ASSETCATALOG_COMPILER_APPICON_NAME = AppIcon;
				ASSETCATALOG_COMPILER_GLOBAL_ACCENT_COLOR_NAME = AccentColor;
				CODE_SIGN_STYLE = Automatic;
				CURRENT_PROJECT_VERSION = 1;
				DEVELOPMENT_TEAM = 8S5G23Y9SJ;
				ENABLE_PREVIEWS = YES;
				GENERATE_INFOPLIST_FILE = YES;
				INFOPLIST_KEY_UIApplicationSceneManifest_Generation = YES;
				INFOPLIST_KEY_UIApplicationSupportsIndirectInputEvents = YES;
				INFOPLIST_KEY_UILaunchScreen_Generation = YES;
				INFOPLIST_KEY_UISupportedInterfaceOrientations_iPad = "UIInterfaceOrientationPortrait UIInterfaceOrientationPortraitUpsideDown UIInterfaceOrientationLandscapeLeft UIInterfaceOrientationLandscapeRight";
				INFOPLIST_KEY_UISupportedInterfaceOrientations_iPhone = "UIInterfaceOrientationPortrait UIInterfaceOrientationLandscapeLeft UIInterfaceOrientationLandscapeRight";
				IPHONEOS_DEPLOYMENT_TARGET = 15.6;
				LD_RUNPATH_SEARCH_PATHS = (
					"$(inherited)",
					"@executable_path/Frameworks",
				);
				MARKETING_VERSION = 1.0;
				PRODUCT_BUNDLE_IDENTIFIER = com.hananiah.SimplifiedToTraditional;
				PRODUCT_NAME = "$(TARGET_NAME)";
				STRING_CATALOG_GENERATE_SYMBOLS = YES;
				SWIFT_DEFAULT_ACTOR_ISOLATION = MainActor;
				SWIFT_EMIT_LOC_STRINGS = YES;
				SWIFT_UPCOMING_FEATURE_MEMBER_IMPORT_VISIBILITY = YES;
				SWIFT_VERSION = 5.0;
				TARGETED_DEVICE_FAMILY = "1,2";
			};
			name = Release;
		};
		CBEA6BF52E33111600729B6D /* Debug */ = {
			isa = XCBuildConfiguration;
			buildSettings = {
				BUNDLE_LOADER = "$(TEST_HOST)";
				CODE_SIGN_STYLE = Automatic;
				CURRENT_PROJECT_VERSION = 1;
				DEVELOPMENT_TEAM = 8S5G23Y9SJ;
				GENERATE_INFOPLIST_FILE = YES;
				IPHONEOS_DEPLOYMENT_TARGET = 26.0;
				MARKETING_VERSION = 1.0;
				PRODUCT_BUNDLE_IDENTIFIER = com.hananiah.SimplifiedToTraditionalTests;
				PRODUCT_NAME = "$(TARGET_NAME)";
				STRING_CATALOG_GENERATE_SYMBOLS = NO;
				SWIFT_EMIT_LOC_STRINGS = NO;
				SWIFT_UPCOMING_FEATURE_MEMBER_IMPORT_VISIBILITY = YES;
				SWIFT_VERSION = 5.0;
				TARGETED_DEVICE_FAMILY = "1,2";
				TEST_HOST = "$(BUILT_PRODUCTS_DIR)/SimplifiedToTraditional.app/$(BUNDLE_EXECUTABLE_FOLDER_PATH)/SimplifiedToTraditional";
			};
			name = Debug;
		};
		CBEA6BF62E33111600729B6D /* Release */ = {
			isa = XCBuildConfiguration;
			buildSettings = {
				BUNDLE_LOADER = "$(TEST_HOST)";
				CODE_SIGN_STYLE = Automatic;
				CURRENT_PROJECT_VERSION = 1;
				DEVELOPMENT_TEAM = 8S5G23Y9SJ;
				GENERATE_INFOPLIST_FILE = YES;
				IPHONEOS_DEPLOYMENT_TARGET = 26.0;
				MARKETING_VERSION = 1.0;
				PRODUCT_BUNDLE_IDENTIFIER = com.hananiah.SimplifiedToTraditionalTests;
				PRODUCT_NAME = "$(TARGET_NAME)";
				STRING_CATALOG_GENERATE_SYMBOLS = NO;
				SWIFT_EMIT_LOC_STRINGS = NO;
				SWIFT_UPCOMING_FEATURE_MEMBER_IMPORT_VISIBILITY = YES;
				SWIFT_VERSION = 5.0;
				TARGETED_DEVICE_FAMILY = "1,2";
				TEST_HOST = "$(BUILT_PRODUCTS_DIR)/SimplifiedToTraditional.app/$(BUNDLE_EXECUTABLE_FOLDER_PATH)/SimplifiedToTraditional";
			};
			name = Release;
		};
		CBEA6BF82E33111600729B6D /* Debug */ = {
			isa = XCBuildConfiguration;
			buildSettings = {
				CODE_SIGN_STYLE = Automatic;
				CURRENT_PROJECT_VERSION = 1;
				DEVELOPMENT_TEAM = 8S5G23Y9SJ;
				GENERATE_INFOPLIST_FILE = YES;
				MARKETING_VERSION = 1.0;
				PRODUCT_BUNDLE_IDENTIFIER = com.hananiah.SimplifiedToTraditionalUITests;
				PRODUCT_NAME = "$(TARGET_NAME)";
				STRING_CATALOG_GENERATE_SYMBOLS = NO;
				SWIFT_EMIT_LOC_STRINGS = NO;
				SWIFT_UPCOMING_FEATURE_MEMBER_IMPORT_VISIBILITY = YES;
				SWIFT_VERSION = 5.0;
				TARGETED_DEVICE_FAMILY = "1,2";
				TEST_TARGET_NAME = SimplifiedToTraditional;
			};
			name = Debug;
		};
		CBEA6BF92E33111600729B6D /* Release */ = {
			isa = XCBuildConfiguration;
			buildSettings = {
				CODE_SIGN_STYLE = Automatic;
				CURRENT_PROJECT_VERSION = 1;
				DEVELOPMENT_TEAM = 8S5G23Y9SJ;
				GENERATE_INFOPLIST_FILE = YES;
				MARKETING_VERSION = 1.0;
				PRODUCT_BUNDLE_IDENTIFIER = com.hananiah.SimplifiedToTraditionalUITests;
				PRODUCT_NAME = "$(TARGET_NAME)";
				STRING_CATALOG_GENERATE_SYMBOLS = NO;
				SWIFT_EMIT_LOC_STRINGS = NO;
				SWIFT_UPCOMING_FEATURE_MEMBER_IMPORT_VISIBILITY = YES;
				SWIFT_VERSION = 5.0;
				TARGETED_DEVICE_FAMILY = "1,2";
				TEST_TARGET_NAME = SimplifiedToTraditional;
			};
			name = Release;
		};
		CBEA6C192E33119B00729B6D /* Debug */ = {
			isa = XCBuildConfiguration;
			buildSettings = {
				CODE_SIGN_STYLE = Automatic;
				CURRENT_PROJECT_VERSION = 1;
				DEVELOPMENT_TEAM = 8S5G23Y9SJ;
				GENERATE_INFOPLIST_FILE = YES;
				INFOPLIST_FILE = "SimplifiedToTraditional Extension/Info.plist";
				INFOPLIST_KEY_CFBundleDisplayName = "SimplifiedToTraditional Extension";
				INFOPLIST_KEY_NSHumanReadableCopyright = "";
				IPHONEOS_DEPLOYMENT_TARGET = 15.6;
				LD_RUNPATH_SEARCH_PATHS = (
					"$(inherited)",
					"@executable_path/Frameworks",
					"@executable_path/../../Frameworks",
				);
				MARKETING_VERSION = 1.0;
				OTHER_LDFLAGS = (
					"-framework",
					SafariServices,
				);
				PRODUCT_BUNDLE_IDENTIFIER = "com.hananiah.SimplifiedToTraditional.SimplifiedToTraditional-Extension";
				PRODUCT_NAME = "$(TARGET_NAME)";
				SKIP_INSTALL = YES;
				STRING_CATALOG_GENERATE_SYMBOLS = YES;
				SWIFT_EMIT_LOC_STRINGS = YES;
				SWIFT_UPCOMING_FEATURE_MEMBER_IMPORT_VISIBILITY = YES;
				SWIFT_VERSION = 5.0;
				TARGETED_DEVICE_FAMILY = "1,2";
			};
			name = Debug;
		};
		CBEA6C1A2E33119B00729B6D /* Release */ = {
			isa = XCBuildConfiguration;
			buildSettings = {
				CODE_SIGN_STYLE = Automatic;
				CURRENT_PROJECT_VERSION = 1;
				DEVELOPMENT_TEAM = 8S5G23Y9SJ;
				GENERATE_INFOPLIST_FILE = YES;
				INFOPLIST_FILE = "SimplifiedToTraditional Extension/Info.plist";
				INFOPLIST_KEY_CFBundleDisplayName = "SimplifiedToTraditional Extension";
				INFOPLIST_KEY_NSHumanReadableCopyright = "";
				IPHONEOS_DEPLOYMENT_TARGET = 15.6;
				LD_RUNPATH_SEARCH_PATHS = (
					"$(inherited)",
					"@executable_path/Frameworks",
					"@executable_path/../../Frameworks",
				);
				MARKETING_VERSION = 1.0;
				OTHER_LDFLAGS = (
					"-framework",
					SafariServices,
				);
				PRODUCT_BUNDLE_IDENTIFIER = "com.hananiah.SimplifiedToTraditional.SimplifiedToTraditional-Extension";
				PRODUCT_NAME = "$(TARGET_NAME)";
				SKIP_INSTALL = YES;
				STRING_CATALOG_GENERATE_SYMBOLS = YES;
				SWIFT_EMIT_LOC_STRINGS = YES;
				SWIFT_UPCOMING_FEATURE_MEMBER_IMPORT_VISIBILITY = YES;
				SWIFT_VERSION = 5.0;
				TARGETED_DEVICE_FAMILY = "1,2";
			};
			name = Release;
		};
/* End XCBuildConfiguration section */

/* Begin XCConfigurationList section */
		CBEA6BCB2E33111400729B6D /* Build configuration list for PBXProject "SimplifiedToTraditional" */ = {
			isa = XCConfigurationList;
			buildConfigurations = (
				CBEA6BEF2E33111600729B6D /* Debug */,
				CBEA6BF02E33111600729B6D /* Release */,
			);
			defaultConfigurationIsVisible = 0;
			defaultConfigurationName = Release;
		};
		CBEA6BF12E33111600729B6D /* Build configuration list for PBXNativeTarget "SimplifiedToTraditional" */ = {
			isa = XCConfigurationList;
			buildConfigurations = (
				CBEA6BF22E33111600729B6D /* Debug */,
				CBEA6BF32E33111600729B6D /* Release */,
			);
			defaultConfigurationIsVisible = 0;
			defaultConfigurationName = Release;
		};
		CBEA6BF42E33111600729B6D /* Build configuration list for PBXNativeTarget "SimplifiedToTraditionalTests" */ = {
			isa = XCConfigurationList;
			buildConfigurations = (
				CBEA6BF52E33111600729B6D /* Debug */,
				CBEA6BF62E33111600729B6D /* Release */,
			);
			defaultConfigurationIsVisible = 0;
			defaultConfigurationName = Release;
		};
		CBEA6BF72E33111600729B6D /* Build configuration list for PBXNativeTarget "SimplifiedToTraditionalUITests" */ = {
			isa = XCConfigurationList;
			buildConfigurations = (
				CBEA6BF82E33111600729B6D /* Debug */,
				CBEA6BF92E33111600729B6D /* Release */,
			);
			defaultConfigurationIsVisible = 0;
			defaultConfigurationName = Release;
		};
		CBEA6C182E33119B00729B6D /* Build configuration list for PBXNativeTarget "SimplifiedToTraditional Extension" */ = {
			isa = XCConfigurationList;
			buildConfigurations = (
				CBEA6C192E33119B00729B6D /* Debug */,
				CBEA6C1A2E33119B00729B6D /* Release */,
			);
			defaultConfigurationIsVisible = 0;
			defaultConfigurationName = Release;
		};
/* End XCConfigurationList section */
	};
	rootObject = CBEA6BC82E33111400729B6D /* Project object */;
}
